
Microsoft Visual Studio Solution File, Format Version 12.00
# Visual Studio Version 17
VisualStudioVersion = 17.4.33205.214
MinimumVisualStudioVersion = 10.0.40219.1
Project("{9A19103F-16F7-4668-BE54-9A1E7A4F7556}") = "Lykos", "src\Lykos.csproj", "{14729FD9-E2A6-420C-862E-D5A7965D01A4}"
EndProject
Global
	GlobalSection(SolutionConfigurationPlatforms) = preSolution
		Debug|Any CPU = Debug|Any CPU
		Release|Any CPU = Release|Any CPU
	EndGlobalSection
	GlobalSection(ProjectConfigurationPlatforms) = postSolution
		{14729FD9-E2A6-420C-862E-D5A7965D01A4}.Debug|Any CPU.ActiveCfg = Debug|Any CPU
		{14729FD9-E2A6-420C-862E-D5A7965D01A4}.Debug|Any CPU.Build.0 = Debug|Any CPU
		{14729FD9-E2A6-420C-862E-D5A7965D01A4}.Release|Any CPU.ActiveCfg = Release|Any CPU
		{14729FD9-E2A6-420C-862E-D5A7965D01A4}.Release|Any CPU.Build.0 = Release|Any CPU
	EndGlobalSection
	GlobalSection(SolutionProperties) = preSolution
		HideSolutionNode = FALSE
	EndGlobalSection
	GlobalSection(ExtensibilityGlobals) = postSolution
		SolutionGuid = {7290FE11-5758-423C-948E-ACC2151044B1}
	EndGlobalSection
EndGlobal
